
Microsoft Visual Studio Solution File, Format Version 12.00
# Visual Studio Version 16
VisualStudioVersion = 16.0.29926.136
MinimumVisualStudioVersion = 10.0.40219.1
Project("{FAE04EC0-301F-11D3-BF4B-00C04F79EFBC}") = "Methods", "Methods\Methods.csproj", "{9CBA690F-ADE7-447E-BD82-7E2DF70A7FBD}"
EndProject
Global
	GlobalSection(SolutionConfigurationPlatforms) = preSolution
		Debug|Any CPU = Debug|Any CPU
		Release|Any CPU = Release|Any CPU
	EndGlobalSection
	GlobalSection(ProjectConfigurationPlatforms) = postSolution
		{9CBA690F-ADE7-447E-BD82-7E2DF70A7FBD}.Debug|Any CPU.ActiveCfg = Debug|Any CPU
		{9CBA690F-ADE7-447E-BD82-7E2DF70A7FBD}.Debug|Any CPU.Build.0 = Debug|Any CPU
		{9CBA690F-ADE7-447E-BD82-7E2DF70A7FBD}.Release|Any CPU.ActiveCfg = Release|Any CPU
		{9CBA690F-ADE7-447E-BD82-7E2DF70A7FBD}.Release|Any CPU.Build.0 = Release|Any CPU
	EndGlobalSection
	GlobalSection(SolutionProperties) = preSolution
		HideSolutionNode = FALSE
	EndGlobalSection
	GlobalSection(ExtensibilityGlobals) = postSolution
		SolutionGuid = {807E0091-C35C-4EA0-BD79-881EA65A38BF}
	EndGlobalSection
EndGlobal
