
Microsoft Visual Studio Solution File, Format Version 12.00
# Visual Studio Version 16
VisualStudioVersion = 16.0.29926.136
MinimumVisualStudioVersion = 10.0.40219.1
Project("{FAE04EC0-301F-11D3-BF4B-00C04F79EFBC}") = "Conditional-Statements", "Conditional-Statements\Conditional-Statements.csproj", "{50D3B5EC-3564-4998-8E3C-51235A4DF952}"
EndProject
Global
	GlobalSection(SolutionConfigurationPlatforms) = preSolution
		Debug|Any CPU = Debug|Any CPU
		Release|Any CPU = Release|Any CPU
	EndGlobalSection
	GlobalSection(ProjectConfigurationPlatforms) = postSolution
		{50D3B5EC-3564-4998-8E3C-51235A4DF952}.Debug|Any CPU.ActiveCfg = Debug|Any CPU
		{50D3B5EC-3564-4998-8E3C-51235A4DF952}.Debug|Any CPU.Build.0 = Debug|Any CPU
		{50D3B5EC-3564-4998-8E3C-51235A4DF952}.Release|Any CPU.ActiveCfg = Release|Any CPU
		{50D3B5EC-3564-4998-8E3C-51235A4DF952}.Release|Any CPU.Build.0 = Release|Any CPU
	EndGlobalSection
	GlobalSection(SolutionProperties) = preSolution
		HideSolutionNode = FALSE
	EndGlobalSection
	GlobalSection(ExtensibilityGlobals) = postSolution
		SolutionGuid = {066C13B1-C5B6-4A45-91B6-2706692E3712}
	EndGlobalSection
EndGlobal
