
Microsoft Visual Studio Solution File, Format Version 12.00
# Visual Studio Version 16
VisualStudioVersion = 16.0.29926.136
MinimumVisualStudioVersion = 10.0.40219.1
Project("{FAE04EC0-301F-11D3-BF4B-00C04F79EFBC}") = "Arrays", "Arrays\Arrays.csproj", "{CE98A1F5-2A12-4D40-8198-269D3FA811C3}"
EndProject
Global
	GlobalSection(SolutionConfigurationPlatforms) = preSolution
		Debug|Any CPU = Debug|Any CPU
		Release|Any CPU = Release|Any CPU
	EndGlobalSection
	GlobalSection(ProjectConfigurationPlatforms) = postSolution
		{CE98A1F5-2A12-4D40-8198-269D3FA811C3}.Debug|Any CPU.ActiveCfg = Debug|Any CPU
		{CE98A1F5-2A12-4D40-8198-269D3FA811C3}.Debug|Any CPU.Build.0 = Debug|Any CPU
		{CE98A1F5-2A12-4D40-8198-269D3FA811C3}.Release|Any CPU.ActiveCfg = Release|Any CPU
		{CE98A1F5-2A12-4D40-8198-269D3FA811C3}.Release|Any CPU.Build.0 = Release|Any CPU
	EndGlobalSection
	GlobalSection(SolutionProperties) = preSolution
		HideSolutionNode = FALSE
	EndGlobalSection
	GlobalSection(ExtensibilityGlobals) = postSolution
		SolutionGuid = {E4B97F54-EE1E-4A37-AD7F-D3EE32E00724}
	EndGlobalSection
EndGlobal
