
Microsoft Visual Studio Solution File, Format Version 12.00
# Visual Studio Version 16
VisualStudioVersion = 16.0.30002.166
MinimumVisualStudioVersion = 10.0.40219.1
Project("{FAE04EC0-301F-11D3-BF4B-00C04F79EFBC}") = "2DArrays", "2DArrays\2DArrays.csproj", "{4C56F8E6-E8F2-4A65-8B1E-1615A6545E28}"
EndProject
Global
	GlobalSection(SolutionConfigurationPlatforms) = preSolution
		Debug|Any CPU = Debug|Any CPU
		Release|Any CPU = Release|Any CPU
	EndGlobalSection
	GlobalSection(ProjectConfigurationPlatforms) = postSolution
		{4C56F8E6-E8F2-4A65-8B1E-1615A6545E28}.Debug|Any CPU.ActiveCfg = Debug|Any CPU
		{4C56F8E6-E8F2-4A65-8B1E-1615A6545E28}.Debug|Any CPU.Build.0 = Debug|Any CPU
		{4C56F8E6-E8F2-4A65-8B1E-1615A6545E28}.Release|Any CPU.ActiveCfg = Release|Any CPU
		{4C56F8E6-E8F2-4A65-8B1E-1615A6545E28}.Release|Any CPU.Build.0 = Release|Any CPU
	EndGlobalSection
	GlobalSection(SolutionProperties) = preSolution
		HideSolutionNode = FALSE
	EndGlobalSection
	GlobalSection(ExtensibilityGlobals) = postSolution
		SolutionGuid = {EDC540D1-B354-4992-BB4D-70D1305F6830}
	EndGlobalSection
EndGlobal
