
Microsoft Visual Studio Solution File, Format Version 12.00
# Visual Studio Version 16
VisualStudioVersion = 16.0.29926.136
MinimumVisualStudioVersion = 10.0.40219.1
Project("{FAE04EC0-301F-11D3-BF4B-00C04F79EFBC}") = "Increment-Decrement", "Increment-Decrement\Increment-Decrement.csproj", "{79C66418-A90B-4108-9DF4-3E7E261091EF}"
EndProject
Global
	GlobalSection(SolutionConfigurationPlatforms) = preSolution
		Debug|Any CPU = Debug|Any CPU
		Release|Any CPU = Release|Any CPU
	EndGlobalSection
	GlobalSection(ProjectConfigurationPlatforms) = postSolution
		{79C66418-A90B-4108-9DF4-3E7E261091EF}.Debug|Any CPU.ActiveCfg = Debug|Any CPU
		{79C66418-A90B-4108-9DF4-3E7E261091EF}.Debug|Any CPU.Build.0 = Debug|Any CPU
		{79C66418-A90B-4108-9DF4-3E7E261091EF}.Release|Any CPU.ActiveCfg = Release|Any CPU
		{79C66418-A90B-4108-9DF4-3E7E261091EF}.Release|Any CPU.Build.0 = Release|Any CPU
	EndGlobalSection
	GlobalSection(SolutionProperties) = preSolution
		HideSolutionNode = FALSE
	EndGlobalSection
	GlobalSection(ExtensibilityGlobals) = postSolution
		SolutionGuid = {85202631-A557-4A67-ACA7-B75565222886}
	EndGlobalSection
EndGlobal
