
Microsoft Visual Studio Solution File, Format Version 12.00
# Visual Studio Version 16
VisualStudioVersion = 16.0.30002.166
MinimumVisualStudioVersion = 10.0.40219.1
Project("{FAE04EC0-301F-11D3-BF4B-00C04F79EFBC}") = "Test w Kim", "Test w Kim\Test w Kim.csproj", "{DE7511E8-7B07-47F9-8402-421FD04299E8}"
EndProject
Global
	GlobalSection(SolutionConfigurationPlatforms) = preSolution
		Debug|Any CPU = Debug|Any CPU
		Release|Any CPU = Release|Any CPU
	EndGlobalSection
	GlobalSection(ProjectConfigurationPlatforms) = postSolution
		{DE7511E8-7B07-47F9-8402-421FD04299E8}.Debug|Any CPU.ActiveCfg = Debug|Any CPU
		{DE7511E8-7B07-47F9-8402-421FD04299E8}.Debug|Any CPU.Build.0 = Debug|Any CPU
		{DE7511E8-7B07-47F9-8402-421FD04299E8}.Release|Any CPU.ActiveCfg = Release|Any CPU
		{DE7511E8-7B07-47F9-8402-421FD04299E8}.Release|Any CPU.Build.0 = Release|Any CPU
	EndGlobalSection
	GlobalSection(SolutionProperties) = preSolution
		HideSolutionNode = FALSE
	EndGlobalSection
	GlobalSection(ExtensibilityGlobals) = postSolution
		SolutionGuid = {CAE7C45B-7981-44CB-B03D-0AF6A501F017}
	EndGlobalSection
EndGlobal
